
Microsoft Visual Studio Solution File, Format Version 12.00
# Visual Studio Version 16
VisualStudioVersion = 16.0.30002.166
MinimumVisualStudioVersion = 10.0.40219.1
Project("{9A19103F-16F7-4668-BE54-9A1E7A4F7556}") = "pipelines-dotnet-core", "pipelines-dotnet-core.csproj", "{9CB53B11-C7D1-4118-9FAB-8CD34550E4DE}"
EndProject
Global
	GlobalSection(SolutionConfigurationPlatforms) = preSolution
		Debug|Any CPU = Debug|Any CPU
		Release|Any CPU = Release|Any CPU
	EndGlobalSection
	GlobalSection(ProjectConfigurationPlatforms) = postSolution
		{9CB53B11-C7D1-4118-9FAB-8CD34550E4DE}.Debug|Any CPU.ActiveCfg = Debug|Any CPU
		{9CB53B11-C7D1-4118-9FAB-8CD34550E4DE}.Debug|Any CPU.Build.0 = Debug|Any CPU
		{9CB53B11-C7D1-4118-9FAB-8CD34550E4DE}.Release|Any CPU.ActiveCfg = Release|Any CPU
		{9CB53B11-C7D1-4118-9FAB-8CD34550E4DE}.Release|Any CPU.Build.0 = Release|Any CPU
	EndGlobalSection
	GlobalSection(SolutionProperties) = preSolution
		HideSolutionNode = FALSE
	EndGlobalSection
	GlobalSection(ExtensibilityGlobals) = postSolution
		SolutionGuid = {24D33B9B-01C6-4896-86C6-619E93137F37}
	EndGlobalSection
EndGlobal
